
Microsoft Visual Studio Solution File, Format Version 12.00
# Visual Studio Version 17
VisualStudioVersion = 17.7.34024.191
MinimumVisualStudioVersion = 10.0.40219.1
Project("{8BC9CEB8-8B4A-11D0-8D11-00A0C91BC942}") = "Firstconsoleapplication", "Firstconsoleapplication\Firstconsoleapplication.vcxproj", "{C0B0E95B-5528-4FF7-953B-BCFE66B42C7E}"
EndProject
Project("{8BC9CEB8-8B4A-11D0-8D11-00A0C91BC942}") = "variableproject", "variableproject\variableproject.vcxproj", "{91915480-67D8-4439-B600-7697313664B4}"
EndProject
Project("{2150E333-8FDC-42A3-9474-1A3956D46DE8}") = "01 Podstawy", "01 Podstawy", "{BFA59B28-0F1F-4C9E-A0C9-BC4D9D4AA5A2}"
EndProject
Project("{2150E333-8FDC-42A3-9474-1A3956D46DE8}") = "02 funkcje decyzyjny", "02 funkcje decyzyjny", "{CBC4F5CA-B326-4C9D-A206-7349A90EBEEB}"
EndProject
Project("{8BC9CEB8-8B4A-11D0-8D11-00A0C91BC942}") = "funkcje_decyzyjne_IF_ELIF", "funkcje_decyzyjne_IF_ELIF\funkcje_decyzyjne_IF_ELIF.vcxproj", "{23DE3F80-0E2F-4929-9796-76E8B8A89DDD}"
EndProject
Project("{8BC9CEB8-8B4A-11D0-8D11-00A0C91BC942}") = "LoopDoWhileConsoleApplication", "LoopDoWhileConsoleApplication\LoopDoWhileConsoleApplication.vcxproj", "{8FBBF357-1974-41BF-9330-4D3F4FFD0DA4}"
EndProject
Project("{8BC9CEB8-8B4A-11D0-8D11-00A0C91BC942}") = "LoopWhileConsoleApplication", "LoopWhileConsoleApplication\LoopWhileConsoleApplication.vcxproj", "{EAE8FAE1-84D3-44DF-985E-0117365DE0CB}"
EndProject
Project("{8BC9CEB8-8B4A-11D0-8D11-00A0C91BC942}") = "LoopForConsoleApplication", "LoopForConsoleApplication\LoopForConsoleApplication.vcxproj", "{F5E7F301-A54E-49FB-8BCC-4E3BE081A988}"
EndProject
Project("{2150E333-8FDC-42A3-9474-1A3956D46DE8}") = "03 kolekcje", "03 kolekcje", "{20EEE41C-A682-474C-B2A3-0337EE84E3DE}"
EndProject
Project("{8BC9CEB8-8B4A-11D0-8D11-00A0C91BC942}") = "CharactersConsoleApplication", "CharactersConsoleApplication\CharactersConsoleApplication.vcxproj", "{2AF79F4F-DD15-4464-8F17-1EC2E2832CC5}"
EndProject
Project("{8BC9CEB8-8B4A-11D0-8D11-00A0C91BC942}") = "ArrayConsoleApplication", "ArrayConsoleApplication\ArrayConsoleApplication.vcxproj", "{C226A25E-C22E-45BD-A704-A35ED6C5E3A1}"
EndProject
Project("{2150E333-8FDC-42A3-9474-1A3956D46DE8}") = "04 funkcje", "04 funkcje", "{0FF7ACB8-6B73-45B9-9DF9-FD68ADFA55D8}"
EndProject
Project("{8BC9CEB8-8B4A-11D0-8D11-00A0C91BC942}") = "FunctionConsoleApplication", "FunctionConsoleApplication\FunctionConsoleApplication.vcxproj", "{3837E5AC-8B87-4FE1-ACEF-F885DF4F3575}"
EndProject
Project("{2150E333-8FDC-42A3-9474-1A3956D46DE8}") = "05 Wskaźniki", "05 Wskaźniki", "{F1B83D53-FE83-4550-B08B-909FEA9FE722}"
EndProject
Project("{8BC9CEB8-8B4A-11D0-8D11-00A0C91BC942}") = "PointersConsoleApplication1", "PointersConsoleApplication1\PointersConsoleApplication1.vcxproj", "{8DB768C7-6B20-4D60-BF15-BF36DF0C5217}"
EndProject
Project("{8BC9CEB8-8B4A-11D0-8D11-00A0C91BC942}") = "TasksConsoleApplication", "TasksConsoleApplication\TasksConsoleApplication.vcxproj", "{85ACF58F-7E1B-49E8-A0AD-FE82567BCADA}"
EndProject
Project("{8BC9CEB8-8B4A-11D0-8D11-00A0C91BC942}") = "SnakeConsoleApplication", "SnakeConsoleApplication\SnakeConsoleApplication.vcxproj", "{5C61DE8A-0EE0-4D6B-A65E-8685203B862D}"
EndProject
Project("{8BC9CEB8-8B4A-11D0-8D11-00A0C91BC942}") = "ConsoleApplication1", "ConsoleApplication1\ConsoleApplication1.vcxproj", "{3783B72F-B3FA-4657-8D1C-3DD80833E241}"
EndProject
Project("{2150E333-8FDC-42A3-9474-1A3956D46DE8}") = "Strukturalne", "Strukturalne", "{DA910909-B5C3-4BA6-B218-E06A8DAB07A9}"
EndProject
Project("{2150E333-8FDC-42A3-9474-1A3956D46DE8}") = "OBIEKTOWE", "OBIEKTOWE", "{CFF29A86-28D1-4DE7-A8AA-049FBFCD4D5E}"
EndProject
Project("{2150E333-8FDC-42A3-9474-1A3956D46DE8}") = "1.Struktury", "1.Struktury", "{8EA2E983-2520-4C2A-9EFC-7497616CB807}"
EndProject
Project("{8BC9CEB8-8B4A-11D0-8D11-00A0C91BC942}") = "FirstStructConsoleApplication", "FirstStructConsoleApplication\FirstStructConsoleApplication.vcxproj", "{992131D1-B23B-43CD-B147-084825E986B6}"
EndProject
Project("{8BC9CEB8-8B4A-11D0-8D11-00A0C91BC942}") = "ClassZadania", "ClassZadania\ClassZadania.vcxproj", "{15463A8F-DF8D-45DF-8A02-0BF4799BD98F}"
EndProject
Project("{8BC9CEB8-8B4A-11D0-8D11-00A0C91BC942}") = "Matura", "Matura\Matura.vcxproj", "{D77FF79D-3D14-4BC0-B75C-23DBFC732B70}"
EndProject
Project("{2150E333-8FDC-42A3-9474-1A3956D46DE8}") = "Matura1", "Matura1", "{F05BE2FB-86B4-440F-A3FA-E25F75D1C655}"
EndProject
Project("{8BC9CEB8-8B4A-11D0-8D11-00A0C91BC942}") = "MaturaTest", "MaturaTest\MaturaTest.vcxproj", "{555592A3-7B4E-458A-A358-D3426C2A2063}"
EndProject
Project("{2150E333-8FDC-42A3-9474-1A3956D46DE8}") = "NewFolder1", "NewFolder1", "{FE7C3409-7902-421E-9450-5E01426344A3}"
EndProject
Project("{8BC9CEB8-8B4A-11D0-8D11-00A0C91BC942}") = "Matura2024MajZad3", "Matura2024MajZad3\Matura2024MajZad3.vcxproj", "{A0A3EDBF-029F-40D7-BD8C-AA85D476C468}"
EndProject
Project("{2150E333-8FDC-42A3-9474-1A3956D46DE8}") = "c++", "c++", "{369CB01D-A1A7-72D2-AABC-3F0945D148A2}"
EndProject
Project("{2150E333-8FDC-42A3-9474-1A3956D46DE8}") = "c#", "c#", "{02EA681E-C7D8-13C7-8484-4AC65E1B71E8}"
EndProject
Project("{FAE04EC0-301F-11D3-BF4B-00C04F79EFBC}") = "FirstConsoleApp", "FirstConsoleApp\FirstConsoleApp.csproj", "{4D2F2801-83A0-498D-AA0C-3EC546CE51F6}"
EndProject
Global
	GlobalSection(SolutionConfigurationPlatforms) = preSolution
		Debug|Any CPU = Debug|Any CPU
		Debug|x64 = Debug|x64
		Debug|x86 = Debug|x86
		Release|Any CPU = Release|Any CPU
		Release|x64 = Release|x64
		Release|x86 = Release|x86
	EndGlobalSection
	GlobalSection(ProjectConfigurationPlatforms) = postSolution
		{C0B0E95B-5528-4FF7-953B-BCFE66B42C7E}.Debug|Any CPU.ActiveCfg = Debug|x64
		{C0B0E95B-5528-4FF7-953B-BCFE66B42C7E}.Debug|Any CPU.Build.0 = Debug|x64
		{C0B0E95B-5528-4FF7-953B-BCFE66B42C7E}.Debug|x64.ActiveCfg = Debug|x64
		{C0B0E95B-5528-4FF7-953B-BCFE66B42C7E}.Debug|x64.Build.0 = Debug|x64
		{C0B0E95B-5528-4FF7-953B-BCFE66B42C7E}.Debug|x86.ActiveCfg = Debug|Win32
		{C0B0E95B-5528-4FF7-953B-BCFE66B42C7E}.Debug|x86.Build.0 = Debug|Win32
		{C0B0E95B-5528-4FF7-953B-BCFE66B42C7E}.Release|Any CPU.ActiveCfg = Release|x64
		{C0B0E95B-5528-4FF7-953B-BCFE66B42C7E}.Release|Any CPU.Build.0 = Release|x64
		{C0B0E95B-5528-4FF7-953B-BCFE66B42C7E}.Release|x64.ActiveCfg = Release|x64
		{C0B0E95B-5528-4FF7-953B-BCFE66B42C7E}.Release|x64.Build.0 = Release|x64
		{C0B0E95B-5528-4FF7-953B-BCFE66B42C7E}.Release|x86.ActiveCfg = Release|Win32
		{C0B0E95B-5528-4FF7-953B-BCFE66B42C7E}.Release|x86.Build.0 = Release|Win32
		{91915480-67D8-4439-B600-7697313664B4}.Debug|Any CPU.ActiveCfg = Debug|x64
		{91915480-67D8-4439-B600-7697313664B4}.Debug|Any CPU.Build.0 = Debug|x64
		{91915480-67D8-4439-B600-7697313664B4}.Debug|x64.ActiveCfg = Debug|x64
		{91915480-67D8-4439-B600-7697313664B4}.Debug|x64.Build.0 = Debug|x64
		{91915480-67D8-4439-B600-7697313664B4}.Debug|x86.ActiveCfg = Debug|Win32
		{91915480-67D8-4439-B600-7697313664B4}.Debug|x86.Build.0 = Debug|Win32
		{91915480-67D8-4439-B600-7697313664B4}.Release|Any CPU.ActiveCfg = Release|x64
		{91915480-67D8-4439-B600-7697313664B4}.Release|Any CPU.Build.0 = Release|x64
		{91915480-67D8-4439-B600-7697313664B4}.Release|x64.ActiveCfg = Release|x64
		{91915480-67D8-4439-B600-7697313664B4}.Release|x64.Build.0 = Release|x64
		{91915480-67D8-4439-B600-7697313664B4}.Release|x86.ActiveCfg = Release|Win32
		{91915480-67D8-4439-B600-7697313664B4}.Release|x86.Build.0 = Release|Win32
		{23DE3F80-0E2F-4929-9796-76E8B8A89DDD}.Debug|Any CPU.ActiveCfg = Debug|x64
		{23DE3F80-0E2F-4929-9796-76E8B8A89DDD}.Debug|Any CPU.Build.0 = Debug|x64
		{23DE3F80-0E2F-4929-9796-76E8B8A89DDD}.Debug|x64.ActiveCfg = Debug|x64
		{23DE3F80-0E2F-4929-9796-76E8B8A89DDD}.Debug|x64.Build.0 = Debug|x64
		{23DE3F80-0E2F-4929-9796-76E8B8A89DDD}.Debug|x86.ActiveCfg = Debug|Win32
		{23DE3F80-0E2F-4929-9796-76E8B8A89DDD}.Debug|x86.Build.0 = Debug|Win32
		{23DE3F80-0E2F-4929-9796-76E8B8A89DDD}.Release|Any CPU.ActiveCfg = Release|x64
		{23DE3F80-0E2F-4929-9796-76E8B8A89DDD}.Release|Any CPU.Build.0 = Release|x64
		{23DE3F80-0E2F-4929-9796-76E8B8A89DDD}.Release|x64.ActiveCfg = Release|x64
		{23DE3F80-0E2F-4929-9796-76E8B8A89DDD}.Release|x64.Build.0 = Release|x64
		{23DE3F80-0E2F-4929-9796-76E8B8A89DDD}.Release|x86.ActiveCfg = Release|Win32
		{23DE3F80-0E2F-4929-9796-76E8B8A89DDD}.Release|x86.Build.0 = Release|Win32
		{8FBBF357-1974-41BF-9330-4D3F4FFD0DA4}.Debug|Any CPU.ActiveCfg = Debug|x64
		{8FBBF357-1974-41BF-9330-4D3F4FFD0DA4}.Debug|Any CPU.Build.0 = Debug|x64
		{8FBBF357-1974-41BF-9330-4D3F4FFD0DA4}.Debug|x64.ActiveCfg = Debug|x64
		{8FBBF357-1974-41BF-9330-4D3F4FFD0DA4}.Debug|x64.Build.0 = Debug|x64
		{8FBBF357-1974-41BF-9330-4D3F4FFD0DA4}.Debug|x86.ActiveCfg = Debug|Win32
		{8FBBF357-1974-41BF-9330-4D3F4FFD0DA4}.Debug|x86.Build.0 = Debug|Win32
		{8FBBF357-1974-41BF-9330-4D3F4FFD0DA4}.Release|Any CPU.ActiveCfg = Release|x64
		{8FBBF357-1974-41BF-9330-4D3F4FFD0DA4}.Release|Any CPU.Build.0 = Release|x64
		{8FBBF357-1974-41BF-9330-4D3F4FFD0DA4}.Release|x64.ActiveCfg = Release|x64
		{8FBBF357-1974-41BF-9330-4D3F4FFD0DA4}.Release|x64.Build.0 = Release|x64
		{8FBBF357-1974-41BF-9330-4D3F4FFD0DA4}.Release|x86.ActiveCfg = Release|Win32
		{8FBBF357-1974-41BF-9330-4D3F4FFD0DA4}.Release|x86.Build.0 = Release|Win32
		{EAE8FAE1-84D3-44DF-985E-0117365DE0CB}.Debug|Any CPU.ActiveCfg = Debug|x64
		{EAE8FAE1-84D3-44DF-985E-0117365DE0CB}.Debug|Any CPU.Build.0 = Debug|x64
		{EAE8FAE1-84D3-44DF-985E-0117365DE0CB}.Debug|x64.ActiveCfg = Debug|x64
		{EAE8FAE1-84D3-44DF-985E-0117365DE0CB}.Debug|x64.Build.0 = Debug|x64
		{EAE8FAE1-84D3-44DF-985E-0117365DE0CB}.Debug|x86.ActiveCfg = Debug|Win32
		{EAE8FAE1-84D3-44DF-985E-0117365DE0CB}.Debug|x86.Build.0 = Debug|Win32
		{EAE8FAE1-84D3-44DF-985E-0117365DE0CB}.Release|Any CPU.ActiveCfg = Release|x64
		{EAE8FAE1-84D3-44DF-985E-0117365DE0CB}.Release|Any CPU.Build.0 = Release|x64
		{EAE8FAE1-84D3-44DF-985E-0117365DE0CB}.Release|x64.ActiveCfg = Release|x64
		{EAE8FAE1-84D3-44DF-985E-0117365DE0CB}.Release|x64.Build.0 = Release|x64
		{EAE8FAE1-84D3-44DF-985E-0117365DE0CB}.Release|x86.ActiveCfg = Release|Win32
		{EAE8FAE1-84D3-44DF-985E-0117365DE0CB}.Release|x86.Build.0 = Release|Win32
		{F5E7F301-A54E-49FB-8BCC-4E3BE081A988}.Debug|Any CPU.ActiveCfg = Debug|x64
		{F5E7F301-A54E-49FB-8BCC-4E3BE081A988}.Debug|Any CPU.Build.0 = Debug|x64
		{F5E7F301-A54E-49FB-8BCC-4E3BE081A988}.Debug|x64.ActiveCfg = Debug|x64
		{F5E7F301-A54E-49FB-8BCC-4E3BE081A988}.Debug|x64.Build.0 = Debug|x64
		{F5E7F301-A54E-49FB-8BCC-4E3BE081A988}.Debug|x86.ActiveCfg = Debug|Win32
		{F5E7F301-A54E-49FB-8BCC-4E3BE081A988}.Debug|x86.Build.0 = Debug|Win32
		{F5E7F301-A54E-49FB-8BCC-4E3BE081A988}.Release|Any CPU.ActiveCfg = Release|x64
		{F5E7F301-A54E-49FB-8BCC-4E3BE081A988}.Release|Any CPU.Build.0 = Release|x64
		{F5E7F301-A54E-49FB-8BCC-4E3BE081A988}.Release|x64.ActiveCfg = Release|x64
		{F5E7F301-A54E-49FB-8BCC-4E3BE081A988}.Release|x64.Build.0 = Release|x64
		{F5E7F301-A54E-49FB-8BCC-4E3BE081A988}.Release|x86.ActiveCfg = Release|Win32
		{F5E7F301-A54E-49FB-8BCC-4E3BE081A988}.Release|x86.Build.0 = Release|Win32
		{2AF79F4F-DD15-4464-8F17-1EC2E2832CC5}.Debug|Any CPU.ActiveCfg = Debug|x64
		{2AF79F4F-DD15-4464-8F17-1EC2E2832CC5}.Debug|Any CPU.Build.0 = Debug|x64
		{2AF79F4F-DD15-4464-8F17-1EC2E2832CC5}.Debug|x64.ActiveCfg = Debug|x64
		{2AF79F4F-DD15-4464-8F17-1EC2E2832CC5}.Debug|x64.Build.0 = Debug|x64
		{2AF79F4F-DD15-4464-8F17-1EC2E2832CC5}.Debug|x86.ActiveCfg = Debug|Win32
		{2AF79F4F-DD15-4464-8F17-1EC2E2832CC5}.Debug|x86.Build.0 = Debug|Win32
		{2AF79F4F-DD15-4464-8F17-1EC2E2832CC5}.Release|Any CPU.ActiveCfg = Release|x64
		{2AF79F4F-DD15-4464-8F17-1EC2E2832CC5}.Release|Any CPU.Build.0 = Release|x64
		{2AF79F4F-DD15-4464-8F17-1EC2E2832CC5}.Release|x64.ActiveCfg = Release|x64
		{2AF79F4F-DD15-4464-8F17-1EC2E2832CC5}.Release|x64.Build.0 = Release|x64
		{2AF79F4F-DD15-4464-8F17-1EC2E2832CC5}.Release|x86.ActiveCfg = Release|Win32
		{2AF79F4F-DD15-4464-8F17-1EC2E2832CC5}.Release|x86.Build.0 = Release|Win32
		{C226A25E-C22E-45BD-A704-A35ED6C5E3A1}.Debug|Any CPU.ActiveCfg = Debug|x64
		{C226A25E-C22E-45BD-A704-A35ED6C5E3A1}.Debug|Any CPU.Build.0 = Debug|x64
		{C226A25E-C22E-45BD-A704-A35ED6C5E3A1}.Debug|x64.ActiveCfg = Debug|x64
		{C226A25E-C22E-45BD-A704-A35ED6C5E3A1}.Debug|x64.Build.0 = Debug|x64
		{C226A25E-C22E-45BD-A704-A35ED6C5E3A1}.Debug|x86.ActiveCfg = Debug|Win32
		{C226A25E-C22E-45BD-A704-A35ED6C5E3A1}.Debug|x86.Build.0 = Debug|Win32
		{C226A25E-C22E-45BD-A704-A35ED6C5E3A1}.Release|Any CPU.ActiveCfg = Release|x64
		{C226A25E-C22E-45BD-A704-A35ED6C5E3A1}.Release|Any CPU.Build.0 = Release|x64
		{C226A25E-C22E-45BD-A704-A35ED6C5E3A1}.Release|x64.ActiveCfg = Release|x64
		{C226A25E-C22E-45BD-A704-A35ED6C5E3A1}.Release|x64.Build.0 = Release|x64
		{C226A25E-C22E-45BD-A704-A35ED6C5E3A1}.Release|x86.ActiveCfg = Release|Win32
		{C226A25E-C22E-45BD-A704-A35ED6C5E3A1}.Release|x86.Build.0 = Release|Win32
		{3837E5AC-8B87-4FE1-ACEF-F885DF4F3575}.Debug|Any CPU.ActiveCfg = Debug|x64
		{3837E5AC-8B87-4FE1-ACEF-F885DF4F3575}.Debug|Any CPU.Build.0 = Debug|x64
		{3837E5AC-8B87-4FE1-ACEF-F885DF4F3575}.Debug|x64.ActiveCfg = Debug|x64
		{3837E5AC-8B87-4FE1-ACEF-F885DF4F3575}.Debug|x64.Build.0 = Debug|x64
		{3837E5AC-8B87-4FE1-ACEF-F885DF4F3575}.Debug|x86.ActiveCfg = Debug|Win32
		{3837E5AC-8B87-4FE1-ACEF-F885DF4F3575}.Debug|x86.Build.0 = Debug|Win32
		{3837E5AC-8B87-4FE1-ACEF-F885DF4F3575}.Release|Any CPU.ActiveCfg = Release|x64
		{3837E5AC-8B87-4FE1-ACEF-F885DF4F3575}.Release|Any CPU.Build.0 = Release|x64
		{3837E5AC-8B87-4FE1-ACEF-F885DF4F3575}.Release|x64.ActiveCfg = Release|x64
		{3837E5AC-8B87-4FE1-ACEF-F885DF4F3575}.Release|x64.Build.0 = Release|x64
		{3837E5AC-8B87-4FE1-ACEF-F885DF4F3575}.Release|x86.ActiveCfg = Release|Win32
		{3837E5AC-8B87-4FE1-ACEF-F885DF4F3575}.Release|x86.Build.0 = Release|Win32
		{8DB768C7-6B20-4D60-BF15-BF36DF0C5217}.Debug|Any CPU.ActiveCfg = Debug|x64
		{8DB768C7-6B20-4D60-BF15-BF36DF0C5217}.Debug|Any CPU.Build.0 = Debug|x64
		{8DB768C7-6B20-4D60-BF15-BF36DF0C5217}.Debug|x64.ActiveCfg = Debug|x64
		{8DB768C7-6B20-4D60-BF15-BF36DF0C5217}.Debug|x64.Build.0 = Debug|x64
		{8DB768C7-6B20-4D60-BF15-BF36DF0C5217}.Debug|x86.ActiveCfg = Debug|Win32
		{8DB768C7-6B20-4D60-BF15-BF36DF0C5217}.Debug|x86.Build.0 = Debug|Win32
		{8DB768C7-6B20-4D60-BF15-BF36DF0C5217}.Release|Any CPU.ActiveCfg = Release|x64
		{8DB768C7-6B20-4D60-BF15-BF36DF0C5217}.Release|Any CPU.Build.0 = Release|x64
		{8DB768C7-6B20-4D60-BF15-BF36DF0C5217}.Release|x64.ActiveCfg = Release|x64
		{8DB768C7-6B20-4D60-BF15-BF36DF0C5217}.Release|x64.Build.0 = Release|x64
		{8DB768C7-6B20-4D60-BF15-BF36DF0C5217}.Release|x86.ActiveCfg = Release|Win32
		{8DB768C7-6B20-4D60-BF15-BF36DF0C5217}.Release|x86.Build.0 = Release|Win32
		{85ACF58F-7E1B-49E8-A0AD-FE82567BCADA}.Debug|Any CPU.ActiveCfg = Debug|x64
		{85ACF58F-7E1B-49E8-A0AD-FE82567BCADA}.Debug|Any CPU.Build.0 = Debug|x64
		{85ACF58F-7E1B-49E8-A0AD-FE82567BCADA}.Debug|x64.ActiveCfg = Debug|x64
		{85ACF58F-7E1B-49E8-A0AD-FE82567BCADA}.Debug|x64.Build.0 = Debug|x64
		{85ACF58F-7E1B-49E8-A0AD-FE82567BCADA}.Debug|x86.ActiveCfg = Debug|Win32
		{85ACF58F-7E1B-49E8-A0AD-FE82567BCADA}.Debug|x86.Build.0 = Debug|Win32
		{85ACF58F-7E1B-49E8-A0AD-FE82567BCADA}.Release|Any CPU.ActiveCfg = Release|x64
		{85ACF58F-7E1B-49E8-A0AD-FE82567BCADA}.Release|Any CPU.Build.0 = Release|x64
		{85ACF58F-7E1B-49E8-A0AD-FE82567BCADA}.Release|x64.ActiveCfg = Release|x64
		{85ACF58F-7E1B-49E8-A0AD-FE82567BCADA}.Release|x64.Build.0 = Release|x64
		{85ACF58F-7E1B-49E8-A0AD-FE82567BCADA}.Release|x86.ActiveCfg = Release|Win32
		{85ACF58F-7E1B-49E8-A0AD-FE82567BCADA}.Release|x86.Build.0 = Release|Win32
		{5C61DE8A-0EE0-4D6B-A65E-8685203B862D}.Debug|Any CPU.ActiveCfg = Debug|x64
		{5C61DE8A-0EE0-4D6B-A65E-8685203B862D}.Debug|Any CPU.Build.0 = Debug|x64
		{5C61DE8A-0EE0-4D6B-A65E-8685203B862D}.Debug|x64.ActiveCfg = Debug|x64
		{5C61DE8A-0EE0-4D6B-A65E-8685203B862D}.Debug|x64.Build.0 = Debug|x64
		{5C61DE8A-0EE0-4D6B-A65E-8685203B862D}.Debug|x86.ActiveCfg = Debug|Win32
		{5C61DE8A-0EE0-4D6B-A65E-8685203B862D}.Debug|x86.Build.0 = Debug|Win32
		{5C61DE8A-0EE0-4D6B-A65E-8685203B862D}.Release|Any CPU.ActiveCfg = Release|x64
		{5C61DE8A-0EE0-4D6B-A65E-8685203B862D}.Release|Any CPU.Build.0 = Release|x64
		{5C61DE8A-0EE0-4D6B-A65E-8685203B862D}.Release|x64.ActiveCfg = Release|x64
		{5C61DE8A-0EE0-4D6B-A65E-8685203B862D}.Release|x64.Build.0 = Release|x64
		{5C61DE8A-0EE0-4D6B-A65E-8685203B862D}.Release|x86.ActiveCfg = Release|Win32
		{5C61DE8A-0EE0-4D6B-A65E-8685203B862D}.Release|x86.Build.0 = Release|Win32
		{3783B72F-B3FA-4657-8D1C-3DD80833E241}.Debug|Any CPU.ActiveCfg = Debug|x64
		{3783B72F-B3FA-4657-8D1C-3DD80833E241}.Debug|Any CPU.Build.0 = Debug|x64
		{3783B72F-B3FA-4657-8D1C-3DD80833E241}.Debug|x64.ActiveCfg = Debug|x64
		{3783B72F-B3FA-4657-8D1C-3DD80833E241}.Debug|x64.Build.0 = Debug|x64
		{3783B72F-B3FA-4657-8D1C-3DD80833E241}.Debug|x86.ActiveCfg = Debug|Win32
		{3783B72F-B3FA-4657-8D1C-3DD80833E241}.Debug|x86.Build.0 = Debug|Win32
		{3783B72F-B3FA-4657-8D1C-3DD80833E241}.Release|Any CPU.ActiveCfg = Release|x64
		{3783B72F-B3FA-4657-8D1C-3DD80833E241}.Release|Any CPU.Build.0 = Release|x64
		{3783B72F-B3FA-4657-8D1C-3DD80833E241}.Release|x64.ActiveCfg = Release|x64
		{3783B72F-B3FA-4657-8D1C-3DD80833E241}.Release|x64.Build.0 = Release|x64
		{3783B72F-B3FA-4657-8D1C-3DD80833E241}.Release|x86.ActiveCfg = Release|Win32
		{3783B72F-B3FA-4657-8D1C-3DD80833E241}.Release|x86.Build.0 = Release|Win32
		{992131D1-B23B-43CD-B147-084825E986B6}.Debug|Any CPU.ActiveCfg = Debug|x64
		{992131D1-B23B-43CD-B147-084825E986B6}.Debug|Any CPU.Build.0 = Debug|x64
		{992131D1-B23B-43CD-B147-084825E986B6}.Debug|x64.ActiveCfg = Debug|x64
		{992131D1-B23B-43CD-B147-084825E986B6}.Debug|x64.Build.0 = Debug|x64
		{992131D1-B23B-43CD-B147-084825E986B6}.Debug|x86.ActiveCfg = Debug|Win32
		{992131D1-B23B-43CD-B147-084825E986B6}.Debug|x86.Build.0 = Debug|Win32
		{992131D1-B23B-43CD-B147-084825E986B6}.Release|Any CPU.ActiveCfg = Release|x64
		{992131D1-B23B-43CD-B147-084825E986B6}.Release|Any CPU.Build.0 = Release|x64
		{992131D1-B23B-43CD-B147-084825E986B6}.Release|x64.ActiveCfg = Release|x64
		{992131D1-B23B-43CD-B147-084825E986B6}.Release|x64.Build.0 = Release|x64
		{992131D1-B23B-43CD-B147-084825E986B6}.Release|x86.ActiveCfg = Release|Win32
		{992131D1-B23B-43CD-B147-084825E986B6}.Release|x86.Build.0 = Release|Win32
		{15463A8F-DF8D-45DF-8A02-0BF4799BD98F}.Debug|Any CPU.ActiveCfg = Debug|x64
		{15463A8F-DF8D-45DF-8A02-0BF4799BD98F}.Debug|Any CPU.Build.0 = Debug|x64
		{15463A8F-DF8D-45DF-8A02-0BF4799BD98F}.Debug|x64.ActiveCfg = Debug|x64
		{15463A8F-DF8D-45DF-8A02-0BF4799BD98F}.Debug|x64.Build.0 = Debug|x64
		{15463A8F-DF8D-45DF-8A02-0BF4799BD98F}.Debug|x86.ActiveCfg = Debug|Win32
		{15463A8F-DF8D-45DF-8A02-0BF4799BD98F}.Debug|x86.Build.0 = Debug|Win32
		{15463A8F-DF8D-45DF-8A02-0BF4799BD98F}.Release|Any CPU.ActiveCfg = Release|x64
		{15463A8F-DF8D-45DF-8A02-0BF4799BD98F}.Release|Any CPU.Build.0 = Release|x64
		{15463A8F-DF8D-45DF-8A02-0BF4799BD98F}.Release|x64.ActiveCfg = Release|x64
		{15463A8F-DF8D-45DF-8A02-0BF4799BD98F}.Release|x64.Build.0 = Release|x64
		{15463A8F-DF8D-45DF-8A02-0BF4799BD98F}.Release|x86.ActiveCfg = Release|Win32
		{15463A8F-DF8D-45DF-8A02-0BF4799BD98F}.Release|x86.Build.0 = Release|Win32
		{D77FF79D-3D14-4BC0-B75C-23DBFC732B70}.Debug|Any CPU.ActiveCfg = Debug|x64
		{D77FF79D-3D14-4BC0-B75C-23DBFC732B70}.Debug|Any CPU.Build.0 = Debug|x64
		{D77FF79D-3D14-4BC0-B75C-23DBFC732B70}.Debug|x64.ActiveCfg = Debug|x64
		{D77FF79D-3D14-4BC0-B75C-23DBFC732B70}.Debug|x64.Build.0 = Debug|x64
		{D77FF79D-3D14-4BC0-B75C-23DBFC732B70}.Debug|x86.ActiveCfg = Debug|Win32
		{D77FF79D-3D14-4BC0-B75C-23DBFC732B70}.Debug|x86.Build.0 = Debug|Win32
		{D77FF79D-3D14-4BC0-B75C-23DBFC732B70}.Release|Any CPU.ActiveCfg = Release|x64
		{D77FF79D-3D14-4BC0-B75C-23DBFC732B70}.Release|Any CPU.Build.0 = Release|x64
		{D77FF79D-3D14-4BC0-B75C-23DBFC732B70}.Release|x64.ActiveCfg = Release|x64
		{D77FF79D-3D14-4BC0-B75C-23DBFC732B70}.Release|x64.Build.0 = Release|x64
		{D77FF79D-3D14-4BC0-B75C-23DBFC732B70}.Release|x86.ActiveCfg = Release|Win32
		{D77FF79D-3D14-4BC0-B75C-23DBFC732B70}.Release|x86.Build.0 = Release|Win32
		{555592A3-7B4E-458A-A358-D3426C2A2063}.Debug|Any CPU.ActiveCfg = Debug|x64
		{555592A3-7B4E-458A-A358-D3426C2A2063}.Debug|Any CPU.Build.0 = Debug|x64
		{555592A3-7B4E-458A-A358-D3426C2A2063}.Debug|x64.ActiveCfg = Debug|x64
		{555592A3-7B4E-458A-A358-D3426C2A2063}.Debug|x64.Build.0 = Debug|x64
		{555592A3-7B4E-458A-A358-D3426C2A2063}.Debug|x86.ActiveCfg = Debug|Win32
		{555592A3-7B4E-458A-A358-D3426C2A2063}.Debug|x86.Build.0 = Debug|Win32
		{555592A3-7B4E-458A-A358-D3426C2A2063}.Release|Any CPU.ActiveCfg = Release|x64
		{555592A3-7B4E-458A-A358-D3426C2A2063}.Release|Any CPU.Build.0 = Release|x64
		{555592A3-7B4E-458A-A358-D3426C2A2063}.Release|x64.ActiveCfg = Release|x64
		{555592A3-7B4E-458A-A358-D3426C2A2063}.Release|x64.Build.0 = Release|x64
		{555592A3-7B4E-458A-A358-D3426C2A2063}.Release|x86.ActiveCfg = Release|Win32
		{555592A3-7B4E-458A-A358-D3426C2A2063}.Release|x86.Build.0 = Release|Win32
		{A0A3EDBF-029F-40D7-BD8C-AA85D476C468}.Debug|Any CPU.ActiveCfg = Debug|x64
		{A0A3EDBF-029F-40D7-BD8C-AA85D476C468}.Debug|Any CPU.Build.0 = Debug|x64
		{A0A3EDBF-029F-40D7-BD8C-AA85D476C468}.Debug|x64.ActiveCfg = Debug|x64
		{A0A3EDBF-029F-40D7-BD8C-AA85D476C468}.Debug|x64.Build.0 = Debug|x64
		{A0A3EDBF-029F-40D7-BD8C-AA85D476C468}.Debug|x86.ActiveCfg = Debug|Win32
		{A0A3EDBF-029F-40D7-BD8C-AA85D476C468}.Debug|x86.Build.0 = Debug|Win32
		{A0A3EDBF-029F-40D7-BD8C-AA85D476C468}.Release|Any CPU.ActiveCfg = Release|x64
		{A0A3EDBF-029F-40D7-BD8C-AA85D476C468}.Release|Any CPU.Build.0 = Release|x64
		{A0A3EDBF-029F-40D7-BD8C-AA85D476C468}.Release|x64.ActiveCfg = Release|x64
		{A0A3EDBF-029F-40D7-BD8C-AA85D476C468}.Release|x64.Build.0 = Release|x64
		{A0A3EDBF-029F-40D7-BD8C-AA85D476C468}.Release|x86.ActiveCfg = Release|Win32
		{A0A3EDBF-029F-40D7-BD8C-AA85D476C468}.Release|x86.Build.0 = Release|Win32
		{4D2F2801-83A0-498D-AA0C-3EC546CE51F6}.Debug|Any CPU.ActiveCfg = Debug|Any CPU
		{4D2F2801-83A0-498D-AA0C-3EC546CE51F6}.Debug|Any CPU.Build.0 = Debug|Any CPU
		{4D2F2801-83A0-498D-AA0C-3EC546CE51F6}.Debug|x64.ActiveCfg = Debug|Any CPU
		{4D2F2801-83A0-498D-AA0C-3EC546CE51F6}.Debug|x64.Build.0 = Debug|Any CPU
		{4D2F2801-83A0-498D-AA0C-3EC546CE51F6}.Debug|x86.ActiveCfg = Debug|Any CPU
		{4D2F2801-83A0-498D-AA0C-3EC546CE51F6}.Debug|x86.Build.0 = Debug|Any CPU
		{4D2F2801-83A0-498D-AA0C-3EC546CE51F6}.Release|Any CPU.ActiveCfg = Release|Any CPU
		{4D2F2801-83A0-498D-AA0C-3EC546CE51F6}.Release|Any CPU.Build.0 = Release|Any CPU
		{4D2F2801-83A0-498D-AA0C-3EC546CE51F6}.Release|x64.ActiveCfg = Release|Any CPU
		{4D2F2801-83A0-498D-AA0C-3EC546CE51F6}.Release|x64.Build.0 = Release|Any CPU
		{4D2F2801-83A0-498D-AA0C-3EC546CE51F6}.Release|x86.ActiveCfg = Release|Any CPU
		{4D2F2801-83A0-498D-AA0C-3EC546CE51F6}.Release|x86.Build.0 = Release|Any CPU
	EndGlobalSection
	GlobalSection(SolutionProperties) = preSolution
		HideSolutionNode = FALSE
	EndGlobalSection
	GlobalSection(NestedProjects) = preSolution
		{C0B0E95B-5528-4FF7-953B-BCFE66B42C7E} = {BFA59B28-0F1F-4C9E-A0C9-BC4D9D4AA5A2}
		{91915480-67D8-4439-B600-7697313664B4} = {BFA59B28-0F1F-4C9E-A0C9-BC4D9D4AA5A2}
		{BFA59B28-0F1F-4C9E-A0C9-BC4D9D4AA5A2} = {DA910909-B5C3-4BA6-B218-E06A8DAB07A9}
		{CBC4F5CA-B326-4C9D-A206-7349A90EBEEB} = {DA910909-B5C3-4BA6-B218-E06A8DAB07A9}
		{23DE3F80-0E2F-4929-9796-76E8B8A89DDD} = {CBC4F5CA-B326-4C9D-A206-7349A90EBEEB}
		{8FBBF357-1974-41BF-9330-4D3F4FFD0DA4} = {CBC4F5CA-B326-4C9D-A206-7349A90EBEEB}
		{EAE8FAE1-84D3-44DF-985E-0117365DE0CB} = {CBC4F5CA-B326-4C9D-A206-7349A90EBEEB}
		{F5E7F301-A54E-49FB-8BCC-4E3BE081A988} = {CBC4F5CA-B326-4C9D-A206-7349A90EBEEB}
		{20EEE41C-A682-474C-B2A3-0337EE84E3DE} = {DA910909-B5C3-4BA6-B218-E06A8DAB07A9}
		{2AF79F4F-DD15-4464-8F17-1EC2E2832CC5} = {20EEE41C-A682-474C-B2A3-0337EE84E3DE}
		{C226A25E-C22E-45BD-A704-A35ED6C5E3A1} = {20EEE41C-A682-474C-B2A3-0337EE84E3DE}
		{0FF7ACB8-6B73-45B9-9DF9-FD68ADFA55D8} = {DA910909-B5C3-4BA6-B218-E06A8DAB07A9}
		{3837E5AC-8B87-4FE1-ACEF-F885DF4F3575} = {0FF7ACB8-6B73-45B9-9DF9-FD68ADFA55D8}
		{F1B83D53-FE83-4550-B08B-909FEA9FE722} = {DA910909-B5C3-4BA6-B218-E06A8DAB07A9}
		{8DB768C7-6B20-4D60-BF15-BF36DF0C5217} = {F1B83D53-FE83-4550-B08B-909FEA9FE722}
		{85ACF58F-7E1B-49E8-A0AD-FE82567BCADA} = {DA910909-B5C3-4BA6-B218-E06A8DAB07A9}
		{5C61DE8A-0EE0-4D6B-A65E-8685203B862D} = {DA910909-B5C3-4BA6-B218-E06A8DAB07A9}
		{3783B72F-B3FA-4657-8D1C-3DD80833E241} = {DA910909-B5C3-4BA6-B218-E06A8DAB07A9}
		{DA910909-B5C3-4BA6-B218-E06A8DAB07A9} = {369CB01D-A1A7-72D2-AABC-3F0945D148A2}
		{CFF29A86-28D1-4DE7-A8AA-049FBFCD4D5E} = {369CB01D-A1A7-72D2-AABC-3F0945D148A2}
		{8EA2E983-2520-4C2A-9EFC-7497616CB807} = {CFF29A86-28D1-4DE7-A8AA-049FBFCD4D5E}
		{992131D1-B23B-43CD-B147-084825E986B6} = {8EA2E983-2520-4C2A-9EFC-7497616CB807}
		{15463A8F-DF8D-45DF-8A02-0BF4799BD98F} = {CFF29A86-28D1-4DE7-A8AA-049FBFCD4D5E}
		{D77FF79D-3D14-4BC0-B75C-23DBFC732B70} = {F05BE2FB-86B4-440F-A3FA-E25F75D1C655}
		{F05BE2FB-86B4-440F-A3FA-E25F75D1C655} = {369CB01D-A1A7-72D2-AABC-3F0945D148A2}
		{555592A3-7B4E-458A-A358-D3426C2A2063} = {F05BE2FB-86B4-440F-A3FA-E25F75D1C655}
		{FE7C3409-7902-421E-9450-5E01426344A3} = {369CB01D-A1A7-72D2-AABC-3F0945D148A2}
		{A0A3EDBF-029F-40D7-BD8C-AA85D476C468} = {F05BE2FB-86B4-440F-A3FA-E25F75D1C655}
		{4D2F2801-83A0-498D-AA0C-3EC546CE51F6} = {02EA681E-C7D8-13C7-8484-4AC65E1B71E8}
	EndGlobalSection
	GlobalSection(ExtensibilityGlobals) = postSolution
		SolutionGuid = {619618EF-75E1-447D-8644-98AB1D5E3A3D}
	EndGlobalSection
EndGlobal
