
Microsoft Visual Studio Solution File, Format Version 12.00
# Visual Studio Version 17
VisualStudioVersion = 17.7.34024.191
MinimumVisualStudioVersion = 10.0.40219.1
Project("{8BC9CEB8-8B4A-11D0-8D11-00A0C91BC942}") = "Firstconsoleapplication", "Firstconsoleapplication\Firstconsoleapplication.vcxproj", "{C0B0E95B-5528-4FF7-953B-BCFE66B42C7E}"
EndProject
Project("{8BC9CEB8-8B4A-11D0-8D11-00A0C91BC942}") = "variableproject", "variableproject\variableproject.vcxproj", "{91915480-67D8-4439-B600-7697313664B4}"
EndProject
Project("{2150E333-8FDC-42A3-9474-1A3956D46DE8}") = "01 Podstawy", "01 Podstawy", "{BFA59B28-0F1F-4C9E-A0C9-BC4D9D4AA5A2}"
EndProject
Project("{2150E333-8FDC-42A3-9474-1A3956D46DE8}") = "02 funkcje decyzyjny", "02 funkcje decyzyjny", "{CBC4F5CA-B326-4C9D-A206-7349A90EBEEB}"
EndProject
Project("{8BC9CEB8-8B4A-11D0-8D11-00A0C91BC942}") = "funkcje_decyzyjne_IF_ELIF", "funkcje_decyzyjne_IF_ELIF\funkcje_decyzyjne_IF_ELIF.vcxproj", "{23DE3F80-0E2F-4929-9796-76E8B8A89DDD}"
EndProject
Project("{8BC9CEB8-8B4A-11D0-8D11-00A0C91BC942}") = "LoopDoWhileConsoleApplication", "LoopDoWhileConsoleApplication\LoopDoWhileConsoleApplication.vcxproj", "{8FBBF357-1974-41BF-9330-4D3F4FFD0DA4}"
EndProject
Project("{8BC9CEB8-8B4A-11D0-8D11-00A0C91BC942}") = "LoopWhileConsoleApplication", "LoopWhileConsoleApplication\LoopWhileConsoleApplication.vcxproj", "{EAE8FAE1-84D3-44DF-985E-0117365DE0CB}"
EndProject
Project("{8BC9CEB8-8B4A-11D0-8D11-00A0C91BC942}") = "LoopForConsoleApplication", "LoopForConsoleApplication\LoopForConsoleApplication.vcxproj", "{F5E7F301-A54E-49FB-8BCC-4E3BE081A988}"
EndProject
Project("{2150E333-8FDC-42A3-9474-1A3956D46DE8}") = "03 kolekcje", "03 kolekcje", "{20EEE41C-A682-474C-B2A3-0337EE84E3DE}"
EndProject
Project("{8BC9CEB8-8B4A-11D0-8D11-00A0C91BC942}") = "CharactersConsoleApplication", "CharactersConsoleApplication\CharactersConsoleApplication.vcxproj", "{2AF79F4F-DD15-4464-8F17-1EC2E2832CC5}"
EndProject
Global
	GlobalSection(SolutionConfigurationPlatforms) = preSolution
		Debug|x64 = Debug|x64
		Debug|x86 = Debug|x86
		Release|x64 = Release|x64
		Release|x86 = Release|x86
	EndGlobalSection
	GlobalSection(ProjectConfigurationPlatforms) = postSolution
		{C0B0E95B-5528-4FF7-953B-BCFE66B42C7E}.Debug|x64.ActiveCfg = Debug|x64
		{C0B0E95B-5528-4FF7-953B-BCFE66B42C7E}.Debug|x64.Build.0 = Debug|x64
		{C0B0E95B-5528-4FF7-953B-BCFE66B42C7E}.Debug|x86.ActiveCfg = Debug|Win32
		{C0B0E95B-5528-4FF7-953B-BCFE66B42C7E}.Debug|x86.Build.0 = Debug|Win32
		{C0B0E95B-5528-4FF7-953B-BCFE66B42C7E}.Release|x64.ActiveCfg = Release|x64
		{C0B0E95B-5528-4FF7-953B-BCFE66B42C7E}.Release|x64.Build.0 = Release|x64
		{C0B0E95B-5528-4FF7-953B-BCFE66B42C7E}.Release|x86.ActiveCfg = Release|Win32
		{C0B0E95B-5528-4FF7-953B-BCFE66B42C7E}.Release|x86.Build.0 = Release|Win32
		{91915480-67D8-4439-B600-7697313664B4}.Debug|x64.ActiveCfg = Debug|x64
		{91915480-67D8-4439-B600-7697313664B4}.Debug|x64.Build.0 = Debug|x64
		{91915480-67D8-4439-B600-7697313664B4}.Debug|x86.ActiveCfg = Debug|Win32
		{91915480-67D8-4439-B600-7697313664B4}.Debug|x86.Build.0 = Debug|Win32
		{91915480-67D8-4439-B600-7697313664B4}.Release|x64.ActiveCfg = Release|x64
		{91915480-67D8-4439-B600-7697313664B4}.Release|x64.Build.0 = Release|x64
		{91915480-67D8-4439-B600-7697313664B4}.Release|x86.ActiveCfg = Release|Win32
		{91915480-67D8-4439-B600-7697313664B4}.Release|x86.Build.0 = Release|Win32
		{23DE3F80-0E2F-4929-9796-76E8B8A89DDD}.Debug|x64.ActiveCfg = Debug|x64
		{23DE3F80-0E2F-4929-9796-76E8B8A89DDD}.Debug|x64.Build.0 = Debug|x64
		{23DE3F80-0E2F-4929-9796-76E8B8A89DDD}.Debug|x86.ActiveCfg = Debug|Win32
		{23DE3F80-0E2F-4929-9796-76E8B8A89DDD}.Debug|x86.Build.0 = Debug|Win32
		{23DE3F80-0E2F-4929-9796-76E8B8A89DDD}.Release|x64.ActiveCfg = Release|x64
		{23DE3F80-0E2F-4929-9796-76E8B8A89DDD}.Release|x64.Build.0 = Release|x64
		{23DE3F80-0E2F-4929-9796-76E8B8A89DDD}.Release|x86.ActiveCfg = Release|Win32
		{23DE3F80-0E2F-4929-9796-76E8B8A89DDD}.Release|x86.Build.0 = Release|Win32
		{8FBBF357-1974-41BF-9330-4D3F4FFD0DA4}.Debug|x64.ActiveCfg = Debug|x64
		{8FBBF357-1974-41BF-9330-4D3F4FFD0DA4}.Debug|x64.Build.0 = Debug|x64
		{8FBBF357-1974-41BF-9330-4D3F4FFD0DA4}.Debug|x86.ActiveCfg = Debug|Win32
		{8FBBF357-1974-41BF-9330-4D3F4FFD0DA4}.Debug|x86.Build.0 = Debug|Win32
		{8FBBF357-1974-41BF-9330-4D3F4FFD0DA4}.Release|x64.ActiveCfg = Release|x64
		{8FBBF357-1974-41BF-9330-4D3F4FFD0DA4}.Release|x64.Build.0 = Release|x64
		{8FBBF357-1974-41BF-9330-4D3F4FFD0DA4}.Release|x86.ActiveCfg = Release|Win32
		{8FBBF357-1974-41BF-9330-4D3F4FFD0DA4}.Release|x86.Build.0 = Release|Win32
		{EAE8FAE1-84D3-44DF-985E-0117365DE0CB}.Debug|x64.ActiveCfg = Debug|x64
		{EAE8FAE1-84D3-44DF-985E-0117365DE0CB}.Debug|x64.Build.0 = Debug|x64
		{EAE8FAE1-84D3-44DF-985E-0117365DE0CB}.Debug|x86.ActiveCfg = Debug|Win32
		{EAE8FAE1-84D3-44DF-985E-0117365DE0CB}.Debug|x86.Build.0 = Debug|Win32
		{EAE8FAE1-84D3-44DF-985E-0117365DE0CB}.Release|x64.ActiveCfg = Release|x64
		{EAE8FAE1-84D3-44DF-985E-0117365DE0CB}.Release|x64.Build.0 = Release|x64
		{EAE8FAE1-84D3-44DF-985E-0117365DE0CB}.Release|x86.ActiveCfg = Release|Win32
		{EAE8FAE1-84D3-44DF-985E-0117365DE0CB}.Release|x86.Build.0 = Release|Win32
		{F5E7F301-A54E-49FB-8BCC-4E3BE081A988}.Debug|x64.ActiveCfg = Debug|x64
		{F5E7F301-A54E-49FB-8BCC-4E3BE081A988}.Debug|x64.Build.0 = Debug|x64
		{F5E7F301-A54E-49FB-8BCC-4E3BE081A988}.Debug|x86.ActiveCfg = Debug|Win32
		{F5E7F301-A54E-49FB-8BCC-4E3BE081A988}.Debug|x86.Build.0 = Debug|Win32
		{F5E7F301-A54E-49FB-8BCC-4E3BE081A988}.Release|x64.ActiveCfg = Release|x64
		{F5E7F301-A54E-49FB-8BCC-4E3BE081A988}.Release|x64.Build.0 = Release|x64
		{F5E7F301-A54E-49FB-8BCC-4E3BE081A988}.Release|x86.ActiveCfg = Release|Win32
		{F5E7F301-A54E-49FB-8BCC-4E3BE081A988}.Release|x86.Build.0 = Release|Win32
		{2AF79F4F-DD15-4464-8F17-1EC2E2832CC5}.Debug|x64.ActiveCfg = Debug|x64
		{2AF79F4F-DD15-4464-8F17-1EC2E2832CC5}.Debug|x64.Build.0 = Debug|x64
		{2AF79F4F-DD15-4464-8F17-1EC2E2832CC5}.Debug|x86.ActiveCfg = Debug|Win32
		{2AF79F4F-DD15-4464-8F17-1EC2E2832CC5}.Debug|x86.Build.0 = Debug|Win32
		{2AF79F4F-DD15-4464-8F17-1EC2E2832CC5}.Release|x64.ActiveCfg = Release|x64
		{2AF79F4F-DD15-4464-8F17-1EC2E2832CC5}.Release|x64.Build.0 = Release|x64
		{2AF79F4F-DD15-4464-8F17-1EC2E2832CC5}.Release|x86.ActiveCfg = Release|Win32
		{2AF79F4F-DD15-4464-8F17-1EC2E2832CC5}.Release|x86.Build.0 = Release|Win32
	EndGlobalSection
	GlobalSection(SolutionProperties) = preSolution
		HideSolutionNode = FALSE
	EndGlobalSection
	GlobalSection(NestedProjects) = preSolution
		{C0B0E95B-5528-4FF7-953B-BCFE66B42C7E} = {BFA59B28-0F1F-4C9E-A0C9-BC4D9D4AA5A2}
		{91915480-67D8-4439-B600-7697313664B4} = {BFA59B28-0F1F-4C9E-A0C9-BC4D9D4AA5A2}
		{23DE3F80-0E2F-4929-9796-76E8B8A89DDD} = {CBC4F5CA-B326-4C9D-A206-7349A90EBEEB}
		{8FBBF357-1974-41BF-9330-4D3F4FFD0DA4} = {CBC4F5CA-B326-4C9D-A206-7349A90EBEEB}
		{EAE8FAE1-84D3-44DF-985E-0117365DE0CB} = {CBC4F5CA-B326-4C9D-A206-7349A90EBEEB}
		{F5E7F301-A54E-49FB-8BCC-4E3BE081A988} = {CBC4F5CA-B326-4C9D-A206-7349A90EBEEB}
		{2AF79F4F-DD15-4464-8F17-1EC2E2832CC5} = {20EEE41C-A682-474C-B2A3-0337EE84E3DE}
	EndGlobalSection
	GlobalSection(ExtensibilityGlobals) = postSolution
		SolutionGuid = {619618EF-75E1-447D-8644-98AB1D5E3A3D}
	EndGlobalSection
EndGlobal
